// !$*UTF8*$!
{
	archiveVersion = 1;
	classes = {
	};
	objectVersion = 55;
	objects = {

/* Begin PBXBuildFile section */
		D56D2B8328ABC8A900E9E025 /* AppDelegate.swift in Sources */ = {isa = PBXBuildFile; fileRef = D56D2B8228ABC8A900E9E025 /* AppDelegate.swift */; };
		D56D2B8528ABC8A900E9E025 /* SceneDelegate.swift in Sources */ = {isa = PBXBuildFile; fileRef = D56D2B8428ABC8A900E9E025 /* SceneDelegate.swift */; };
		D56D2B8728ABC8A900E9E025 /* ViewController.swift in Sources */ = {isa = PBXBuildFile; fileRef = D56D2B8628ABC8A900E9E025 /* ViewController.swift */; };
		D56D2B8C28ABC8AB00E9E025 /* Assets.xcassets in Resources */ = {isa = PBXBuildFile; fileRef = D56D2B8B28ABC8AB00E9E025 /* Assets.xcassets */; };
		D56D2B8F28ABC8AB00E9E025 /* LaunchScreen.storyboard in Resources */ = {isa = PBXBuildFile; fileRef = D56D2B8D28ABC8AB00E9E025 /* LaunchScreen.storyboard */; };
		D56D2B9928AEBCC000E9E025 /* NetService.swift in Sources */ = {isa = PBXBuildFile; fileRef = D56D2B9828AEBCC000E9E025 /* NetService.swift */; };
		D56D2B9B28AEBCF300E9E025 /* Model.swift in Sources */ = {isa = PBXBuildFile; fileRef = D56D2B9A28AEBCF300E9E025 /* Model.swift */; };
		D56D2BA128AEFBDF00E9E025 /* StartViewController.swift in Sources */ = {isa = PBXBuildFile; fileRef = D56D2BA028AEFBDF00E9E025 /* StartViewController.swift */; };
		D56D2BA528AF84B600E9E025 /* MeasurementsCollectionView.swift in Sources */ = {isa = PBXBuildFile; fileRef = D56D2BA428AF84B600E9E025 /* MeasurementsCollectionView.swift */; };
		D56D2BA728AF84CF00E9E025 /* MeasurementsCollectionViewCell.swift in Sources */ = {isa = PBXBuildFile; fileRef = D56D2BA628AF84CF00E9E025 /* MeasurementsCollectionViewCell.swift */; };
		D5D680ED28B40AE3002351D2 /* InfoTableView.swift in Sources */ = {isa = PBXBuildFile; fileRef = D5D680EC28B40AE3002351D2 /* InfoTableView.swift */; };
		D5D680EF28B40B02002351D2 /* InfoTableViewCell.swift in Sources */ = {isa = PBXBuildFile; fileRef = D5D680EE28B40B02002351D2 /* InfoTableViewCell.swift */; };
		D5D680F128B4ECA4002351D2 /* PageViewController.swift in Sources */ = {isa = PBXBuildFile; fileRef = D5D680F028B4ECA4002351D2 /* PageViewController.swift */; };
		D5D680F528B52ACA002351D2 /* SettingsTableViewController.swift in Sources */ = {isa = PBXBuildFile; fileRef = D5D680F428B52ACA002351D2 /* SettingsTableViewController.swift */; };
		D5D680F728B5F16A002351D2 /* SettingsTableViewCell.swift in Sources */ = {isa = PBXBuildFile; fileRef = D5D680F628B5F16A002351D2 /* SettingsTableViewCell.swift */; };
/* End PBXBuildFile section */

/* Begin PBXFileReference section */
		D56D2B7F28ABC8A900E9E025 /* RoadmapTestAssignment.app */ = {isa = PBXFileReference; explicitFileType = wrapper.application; includeInIndex = 0; path = RoadmapTestAssignment.app; sourceTree = BUILT_PRODUCTS_DIR; };
		D56D2B8228ABC8A900E9E025 /* AppDelegate.swift */ = {isa = PBXFileReference; lastKnownFileType = sourcecode.swift; path = AppDelegate.swift; sourceTree = "<group>"; };
		D56D2B8428ABC8A900E9E025 /* SceneDelegate.swift */ = {isa = PBXFileReference; lastKnownFileType = sourcecode.swift; path = SceneDelegate.swift; sourceTree = "<group>"; };
		D56D2B8628ABC8A900E9E025 /* ViewController.swift */ = {isa = PBXFileReference; lastKnownFileType = sourcecode.swift; path = ViewController.swift; sourceTree = "<group>"; };
		D56D2B8B28ABC8AB00E9E025 /* Assets.xcassets */ = {isa = PBXFileReference; lastKnownFileType = folder.assetcatalog; path = Assets.xcassets; sourceTree = "<group>"; };
		D56D2B8E28ABC8AB00E9E025 /* Base */ = {isa = PBXFileReference; lastKnownFileType = file.storyboard; name = Base; path = Base.lproj/LaunchScreen.storyboard; sourceTree = "<group>"; };
		D56D2B9028ABC8AB00E9E025 /* Info.plist */ = {isa = PBXFileReference; lastKnownFileType = text.plist.xml; path = Info.plist; sourceTree = "<group>"; };
		D56D2B9828AEBCC000E9E025 /* NetService.swift */ = {isa = PBXFileReference; lastKnownFileType = sourcecode.swift; path = NetService.swift; sourceTree = "<group>"; };
		D56D2B9A28AEBCF300E9E025 /* Model.swift */ = {isa = PBXFileReference; lastKnownFileType = sourcecode.swift; path = Model.swift; sourceTree = "<group>"; };
		D56D2BA028AEFBDF00E9E025 /* StartViewController.swift */ = {isa = PBXFileReference; lastKnownFileType = sourcecode.swift; path = StartViewController.swift; sourceTree = "<group>"; };
		D56D2BA428AF84B600E9E025 /* MeasurementsCollectionView.swift */ = {isa = PBXFileReference; lastKnownFileType = sourcecode.swift; path = MeasurementsCollectionView.swift; sourceTree = "<group>"; };
		D56D2BA628AF84CF00E9E025 /* MeasurementsCollectionViewCell.swift */ = {isa = PBXFileReference; lastKnownFileType = sourcecode.swift; path = MeasurementsCollectionViewCell.swift; sourceTree = "<group>"; };
		D5D680EC28B40AE3002351D2 /* InfoTableView.swift */ = {isa = PBXFileReference; lastKnownFileType = sourcecode.swift; path = InfoTableView.swift; sourceTree = "<group>"; };
		D5D680EE28B40B02002351D2 /* InfoTableViewCell.swift */ = {isa = PBXFileReference; lastKnownFileType = sourcecode.swift; path = InfoTableViewCell.swift; sourceTree = "<group>"; };
		D5D680F028B4ECA4002351D2 /* PageViewController.swift */ = {isa = PBXFileReference; lastKnownFileType = sourcecode.swift; path = PageViewController.swift; sourceTree = "<group>"; };
		D5D680F428B52ACA002351D2 /* SettingsTableViewController.swift */ = {isa = PBXFileReference; lastKnownFileType = sourcecode.swift; path = SettingsTableViewController.swift; sourceTree = "<group>"; };
		D5D680F628B5F16A002351D2 /* SettingsTableViewCell.swift */ = {isa = PBXFileReference; lastKnownFileType = sourcecode.swift; path = SettingsTableViewCell.swift; sourceTree = "<group>"; };
/* End PBXFileReference section */

/* Begin PBXFrameworksBuildPhase section */
		D56D2B7C28ABC8A900E9E025 /* Frameworks */ = {
			isa = PBXFrameworksBuildPhase;
			buildActionMask = 2147483647;
			files = (
			);
			runOnlyForDeploymentPostprocessing = 0;
		};
/* End PBXFrameworksBuildPhase section */

/* Begin PBXGroup section */
		D56D2B7628ABC8A900E9E025 = {
			isa = PBXGroup;
			children = (
				D56D2B8128ABC8A900E9E025 /* RoadmapTestAssignment */,
				D56D2B8028ABC8A900E9E025 /* Products */,
			);
			sourceTree = "<group>";
		};
		D56D2B8028ABC8A900E9E025 /* Products */ = {
			isa = PBXGroup;
			children = (
				D56D2B7F28ABC8A900E9E025 /* RoadmapTestAssignment.app */,
			);
			name = Products;
			sourceTree = "<group>";
		};
		D56D2B8128ABC8A900E9E025 /* RoadmapTestAssignment */ = {
			isa = PBXGroup;
			children = (
				D56D2BA428AF84B600E9E025 /* MeasurementsCollectionView.swift */,
				D56D2BA628AF84CF00E9E025 /* MeasurementsCollectionViewCell.swift */,
				D5D680EC28B40AE3002351D2 /* InfoTableView.swift */,
				D5D680EE28B40B02002351D2 /* InfoTableViewCell.swift */,
				D5D680F028B4ECA4002351D2 /* PageViewController.swift */,
				D56D2B8228ABC8A900E9E025 /* AppDelegate.swift */,
				D56D2B8428ABC8A900E9E025 /* SceneDelegate.swift */,
				D56D2BA028AEFBDF00E9E025 /* StartViewController.swift */,
				D5D680F428B52ACA002351D2 /* SettingsTableViewController.swift */,
				D5D680F628B5F16A002351D2 /* SettingsTableViewCell.swift */,
				D56D2B8628ABC8A900E9E025 /* ViewController.swift */,
				D56D2B9828AEBCC000E9E025 /* NetService.swift */,
				D56D2B9A28AEBCF300E9E025 /* Model.swift */,
				D56D2B8B28ABC8AB00E9E025 /* Assets.xcassets */,
				D56D2B8D28ABC8AB00E9E025 /* LaunchScreen.storyboard */,
				D56D2B9028ABC8AB00E9E025 /* Info.plist */,
			);
			path = RoadmapTestAssignment;
			sourceTree = "<group>";
		};
/* End PBXGroup section */

/* Begin PBXNativeTarget section */
		D56D2B7E28ABC8A900E9E025 /* RoadmapTestAssignment */ = {
			isa = PBXNativeTarget;
			buildConfigurationList = D56D2B9328ABC8AB00E9E025 /* Build configuration list for PBXNativeTarget "RoadmapTestAssignment" */;
			buildPhases = (
				D56D2B7B28ABC8A900E9E025 /* Sources */,
				D56D2B7C28ABC8A900E9E025 /* Frameworks */,
				D56D2B7D28ABC8A900E9E025 /* Resources */,
			);
			buildRules = (
			);
			dependencies = (
			);
			name = RoadmapTestAssignment;
			productName = RoadmapTestAssignment;
			productReference = D56D2B7F28ABC8A900E9E025 /* RoadmapTestAssignment.app */;
			productType = "com.apple.product-type.application";
		};
/* End PBXNativeTarget section */

/* Begin PBXProject section */
		D56D2B7728ABC8A900E9E025 /* Project object */ = {
			isa = PBXProject;
			attributes = {
				BuildIndependentTargetsInParallel = 1;
				LastSwiftUpdateCheck = 1340;
				LastUpgradeCheck = 1340;
				TargetAttributes = {
					D56D2B7E28ABC8A900E9E025 = {
						CreatedOnToolsVersion = 13.4.1;
					};
				};
			};
			buildConfigurationList = D56D2B7A28ABC8A900E9E025 /* Build configuration list for PBXProject "RoadmapTestAssignment" */;
			compatibilityVersion = "Xcode 13.0";
			developmentRegion = en;
			hasScannedForEncodings = 0;
			knownRegions = (
				en,
				Base,
			);
			mainGroup = D56D2B7628ABC8A900E9E025;
			productRefGroup = D56D2B8028ABC8A900E9E025 /* Products */;
			projectDirPath = "";
			projectRoot = "";
			targets = (
				D56D2B7E28ABC8A900E9E025 /* RoadmapTestAssignment */,
			);
		};
/* End PBXProject section */

/* Begin PBXResourcesBuildPhase section */
		D56D2B7D28ABC8A900E9E025 /* Resources */ = {
			isa = PBXResourcesBuildPhase;
			buildActionMask = 2147483647;
			files = (
				D56D2B8F28ABC8AB00E9E025 /* LaunchScreen.storyboard in Resources */,
				D56D2B8C28ABC8AB00E9E025 /* Assets.xcassets in Resources */,
			);
			runOnlyForDeploymentPostprocessing = 0;
		};
/* End PBXResourcesBuildPhase section */

/* Begin PBXSourcesBuildPhase section */
		D56D2B7B28ABC8A900E9E025 /* Sources */ = {
			isa = PBXSourcesBuildPhase;
			buildActionMask = 2147483647;
			files = (
				D56D2B9B28AEBCF300E9E025 /* Model.swift in Sources */,
				D5D680EF28B40B02002351D2 /* InfoTableViewCell.swift in Sources */,
				D5D680F128B4ECA4002351D2 /* PageViewController.swift in Sources */,
				D56D2B8728ABC8A900E9E025 /* ViewController.swift in Sources */,
				D56D2B8328ABC8A900E9E025 /* AppDelegate.swift in Sources */,
				D5D680F728B5F16A002351D2 /* SettingsTableViewCell.swift in Sources */,
				D56D2B8528ABC8A900E9E025 /* SceneDelegate.swift in Sources */,
				D5D680ED28B40AE3002351D2 /* InfoTableView.swift in Sources */,
				D56D2B9928AEBCC000E9E025 /* NetService.swift in Sources */,
				D5D680F528B52ACA002351D2 /* SettingsTableViewController.swift in Sources */,
				D56D2BA128AEFBDF00E9E025 /* StartViewController.swift in Sources */,
				D56D2BA528AF84B600E9E025 /* MeasurementsCollectionView.swift in Sources */,
				D56D2BA728AF84CF00E9E025 /* MeasurementsCollectionViewCell.swift in Sources */,
			);
			runOnlyForDeploymentPostprocessing = 0;
		};
/* End PBXSourcesBuildPhase section */

/* Begin PBXVariantGroup section */
		D56D2B8D28ABC8AB00E9E025 /* LaunchScreen.storyboard */ = {
			isa = PBXVariantGroup;
			children = (
				D56D2B8E28ABC8AB00E9E025 /* Base */,
			);
			name = LaunchScreen.storyboard;
			sourceTree = "<group>";
		};
/* End PBXVariantGroup section */

/* Begin XCBuildConfiguration section */
		D56D2B9128ABC8AB00E9E025 /* Debug */ = {
			isa = XCBuildConfiguration;
			buildSettings = {
				ALWAYS_SEARCH_USER_PATHS = NO;
				CLANG_ANALYZER_NONNULL = YES;
				CLANG_ANALYZER_NUMBER_OBJECT_CONVERSION = YES_AGGRESSIVE;
				CLANG_CXX_LANGUAGE_STANDARD = "gnu++17";
				CLANG_ENABLE_MODULES = YES;
				CLANG_ENABLE_OBJC_ARC = YES;
				CLANG_ENABLE_OBJC_WEAK = YES;
				CLANG_WARN_BLOCK_CAPTURE_AUTORELEASING = YES;
				CLANG_WARN_BOOL_CONVERSION = YES;
				CLANG_WARN_COMMA = YES;
				CLANG_WARN_CONSTANT_CONVERSION = YES;
				CLANG_WARN_DEPRECATED_OBJC_IMPLEMENTATIONS = YES;
				CLANG_WARN_DIRECT_OBJC_ISA_USAGE = YES_ERROR;
				CLANG_WARN_DOCUMENTATION_COMMENTS = YES;
				CLANG_WARN_EMPTY_BODY = YES;
				CLANG_WARN_ENUM_CONVERSION = YES;
				CLANG_WARN_INFINITE_RECURSION = YES;
				CLANG_WARN_INT_CONVERSION = YES;
				CLANG_WARN_NON_LITERAL_NULL_CONVERSION = YES;
				CLANG_WARN_OBJC_IMPLICIT_RETAIN_SELF = YES;
				CLANG_WARN_OBJC_LITERAL_CONVERSION = YES;
				CLANG_WARN_OBJC_ROOT_CLASS = YES_ERROR;
				CLANG_WARN_QUOTED_INCLUDE_IN_FRAMEWORK_HEADER = YES;
				CLANG_WARN_RANGE_LOOP_ANALYSIS = YES;
				CLANG_WARN_STRICT_PROTOTYPES = YES;
				CLANG_WARN_SUSPICIOUS_MOVE = YES;
				CLANG_WARN_UNGUARDED_AVAILABILITY = YES_AGGRESSIVE;
				CLANG_WARN_UNREACHABLE_CODE = YES;
				CLANG_WARN__DUPLICATE_METHOD_MATCH = YES;
				COPY_PHASE_STRIP = NO;
				DEBUG_INFORMATION_FORMAT = dwarf;
				ENABLE_STRICT_OBJC_MSGSEND = YES;
				ENABLE_TESTABILITY = YES;
				GCC_C_LANGUAGE_STANDARD = gnu11;
				GCC_DYNAMIC_NO_PIC = NO;
				GCC_NO_COMMON_BLOCKS = YES;
				GCC_OPTIMIZATION_LEVEL = 0;
				GCC_PREPROCESSOR_DEFINITIONS = (
					"DEBUG=1",
					"$(inherited)",
				);
				GCC_WARN_64_TO_32_BIT_CONVERSION = YES;
				GCC_WARN_ABOUT_RETURN_TYPE = YES_ERROR;
				GCC_WARN_UNDECLARED_SELECTOR = YES;
				GCC_WARN_UNINITIALIZED_AUTOS = YES_AGGRESSIVE;
				GCC_WARN_UNUSED_FUNCTION = YES;
				GCC_WARN_UNUSED_VARIABLE = YES;
				IPHONEOS_DEPLOYMENT_TARGET = 15.5;
				MTL_ENABLE_DEBUG_INFO = INCLUDE_SOURCE;
				MTL_FAST_MATH = YES;
				ONLY_ACTIVE_ARCH = YES;
				SDKROOT = iphoneos;
				SWIFT_ACTIVE_COMPILATION_CONDITIONS = DEBUG;
				SWIFT_OPTIMIZATION_LEVEL = "-Onone";
			};
			name = Debug;
		};
		D56D2B9228ABC8AB00E9E025 /* Release */ = {
			isa = XCBuildConfiguration;
			buildSettings = {
				ALWAYS_SEARCH_USER_PATHS = NO;
				CLANG_ANALYZER_NONNULL = YES;
				CLANG_ANALYZER_NUMBER_OBJECT_CONVERSION = YES_AGGRESSIVE;
				CLANG_CXX_LANGUAGE_STANDARD = "gnu++17";
				CLANG_ENABLE_MODULES = YES;
				CLANG_ENABLE_OBJC_ARC = YES;
				CLANG_ENABLE_OBJC_WEAK = YES;
				CLANG_WARN_BLOCK_CAPTURE_AUTORELEASING = YES;
				CLANG_WARN_BOOL_CONVERSION = YES;
				CLANG_WARN_COMMA = YES;
				CLANG_WARN_CONSTANT_CONVERSION = YES;
				CLANG_WARN_DEPRECATED_OBJC_IMPLEMENTATIONS = YES;
				CLANG_WARN_DIRECT_OBJC_ISA_USAGE = YES_ERROR;
				CLANG_WARN_DOCUMENTATION_COMMENTS = YES;
				CLANG_WARN_EMPTY_BODY = YES;
				CLANG_WARN_ENUM_CONVERSION = YES;
				CLANG_WARN_INFINITE_RECURSION = YES;
				CLANG_WARN_INT_CONVERSION = YES;
				CLANG_WARN_NON_LITERAL_NULL_CONVERSION = YES;
				CLANG_WARN_OBJC_IMPLICIT_RETAIN_SELF = YES;
				CLANG_WARN_OBJC_LITERAL_CONVERSION = YES;
				CLANG_WARN_OBJC_ROOT_CLASS = YES_ERROR;
				CLANG_WARN_QUOTED_INCLUDE_IN_FRAMEWORK_HEADER = YES;
				CLANG_WARN_RANGE_LOOP_ANALYSIS = YES;
				CLANG_WARN_STRICT_PROTOTYPES = YES;
				CLANG_WARN_SUSPICIOUS_MOVE = YES;
				CLANG_WARN_UNGUARDED_AVAILABILITY = YES_AGGRESSIVE;
				CLANG_WARN_UNREACHABLE_CODE = YES;
				CLANG_WARN__DUPLICATE_METHOD_MATCH = YES;
				COPY_PHASE_STRIP = NO;
				DEBUG_INFORMATION_FORMAT = "dwarf-with-dsym";
				ENABLE_NS_ASSERTIONS = NO;
				ENABLE_STRICT_OBJC_MSGSEND = YES;
				GCC_C_LANGUAGE_STANDARD = gnu11;
				GCC_NO_COMMON_BLOCKS = YES;
				GCC_WARN_64_TO_32_BIT_CONVERSION = YES;
				GCC_WARN_ABOUT_RETURN_TYPE = YES_ERROR;
				GCC_WARN_UNDECLARED_SELECTOR = YES;
				GCC_WARN_UNINITIALIZED_AUTOS = YES_AGGRESSIVE;
				GCC_WARN_UNUSED_FUNCTION = YES;
				GCC_WARN_UNUSED_VARIABLE = YES;
				IPHONEOS_DEPLOYMENT_TARGET = 15.5;
				MTL_ENABLE_DEBUG_INFO = NO;
				MTL_FAST_MATH = YES;
				SDKROOT = iphoneos;
				SWIFT_COMPILATION_MODE = wholemodule;
				SWIFT_OPTIMIZATION_LEVEL = "-O";
				VALIDATE_PRODUCT = YES;
			};
			name = Release;
		};
		D56D2B9428ABC8AB00E9E025 /* Debug */ = {
			isa = XCBuildConfiguration;
			buildSettings = {
				ASSETCATALOG_COMPILER_APPICON_NAME = AppIcon;
				ASSETCATALOG_COMPILER_GLOBAL_ACCENT_COLOR_NAME = AccentColor;
				CODE_SIGN_STYLE = Automatic;
				CURRENT_PROJECT_VERSION = 1;
				DEVELOPMENT_TEAM = KCR277F8KP;
				GENERATE_INFOPLIST_FILE = YES;
				INFOPLIST_FILE = RoadmapTestAssignment/Info.plist;
				INFOPLIST_KEY_UIApplicationSupportsIndirectInputEvents = YES;
				INFOPLIST_KEY_UILaunchStoryboardName = LaunchScreen;
				INFOPLIST_KEY_UISupportedInterfaceOrientations_iPad = "UIInterfaceOrientationPortrait UIInterfaceOrientationPortraitUpsideDown UIInterfaceOrientationLandscapeLeft UIInterfaceOrientationLandscapeRight";
				INFOPLIST_KEY_UISupportedInterfaceOrientations_iPhone = "UIInterfaceOrientationPortrait UIInterfaceOrientationLandscapeLeft UIInterfaceOrientationLandscapeRight";
				LD_RUNPATH_SEARCH_PATHS = (
					"$(inherited)",
					"@executable_path/Frameworks",
				);
				MARKETING_VERSION = 1.0;
				PRODUCT_BUNDLE_IDENTIFIER = DzmitrySuprun.RoadmapTestAssignment;
				PRODUCT_NAME = "$(TARGET_NAME)";
				SWIFT_EMIT_LOC_STRINGS = YES;
				SWIFT_VERSION = 5.0;
				TARGETED_DEVICE_FAMILY = "1,2";
			};
			name = Debug;
		};
		D56D2B9528ABC8AB00E9E025 /* Release */ = {
			isa = XCBuildConfiguration;
			buildSettings = {
				ASSETCATALOG_COMPILER_APPICON_NAME = AppIcon;
				ASSETCATALOG_COMPILER_GLOBAL_ACCENT_COLOR_NAME = AccentColor;
				CODE_SIGN_STYLE = Automatic;
				CURRENT_PROJECT_VERSION = 1;
				DEVELOPMENT_TEAM = KCR277F8KP;
				GENERATE_INFOPLIST_FILE = YES;
				INFOPLIST_FILE = RoadmapTestAssignment/Info.plist;
				INFOPLIST_KEY_UIApplicationSupportsIndirectInputEvents = YES;
				INFOPLIST_KEY_UILaunchStoryboardName = LaunchScreen;
				INFOPLIST_KEY_UISupportedInterfaceOrientations_iPad = "UIInterfaceOrientationPortrait UIInterfaceOrientationPortraitUpsideDown UIInterfaceOrientationLandscapeLeft UIInterfaceOrientationLandscapeRight";
				INFOPLIST_KEY_UISupportedInterfaceOrientations_iPhone = "UIInterfaceOrientationPortrait UIInterfaceOrientationLandscapeLeft UIInterfaceOrientationLandscapeRight";
				LD_RUNPATH_SEARCH_PATHS = (
					"$(inherited)",
					"@executable_path/Frameworks",
				);
				MARKETING_VERSION = 1.0;
				PRODUCT_BUNDLE_IDENTIFIER = DzmitrySuprun.RoadmapTestAssignment;
				PRODUCT_NAME = "$(TARGET_NAME)";
				SWIFT_EMIT_LOC_STRINGS = YES;
				SWIFT_VERSION = 5.0;
				TARGETED_DEVICE_FAMILY = "1,2";
			};
			name = Release;
		};
/* End XCBuildConfiguration section */

/* Begin XCConfigurationList section */
		D56D2B7A28ABC8A900E9E025 /* Build configuration list for PBXProject "RoadmapTestAssignment" */ = {
			isa = XCConfigurationList;
			buildConfigurations = (
				D56D2B9128ABC8AB00E9E025 /* Debug */,
				D56D2B9228ABC8AB00E9E025 /* Release */,
			);
			defaultConfigurationIsVisible = 0;
			defaultConfigurationName = Release;
		};
		D56D2B9328ABC8AB00E9E025 /* Build configuration list for PBXNativeTarget "RoadmapTestAssignment" */ = {
			isa = XCConfigurationList;
			buildConfigurations = (
				D56D2B9428ABC8AB00E9E025 /* Debug */,
				D56D2B9528ABC8AB00E9E025 /* Release */,
			);
			defaultConfigurationIsVisible = 0;
			defaultConfigurationName = Release;
		};
/* End XCConfigurationList section */
	};
	rootObject = D56D2B7728ABC8A900E9E025 /* Project object */;
}
